// !$*UTF8*$!
{
	archiveVersion = 1;
	classes = {
	};
	objectVersion = 46;
	objects = {

/* Begin PBXBuildFile section */
		5711CED81BE2BB8500AF966C /* AppDelegate.swift in Sources */ = {isa = PBXBuildFile; fileRef = 5711CED71BE2BB8500AF966C /* AppDelegate.swift */; };
		5711CEDA1BE2BB8500AF966C /* ViewController.swift in Sources */ = {isa = PBXBuildFile; fileRef = 5711CED91BE2BB8500AF966C /* ViewController.swift */; };
		5711CEDD1BE2BB8500AF966C /* Main.storyboard in Resources */ = {isa = PBXBuildFile; fileRef = 5711CEDB1BE2BB8500AF966C /* Main.storyboard */; };
		5711CEDF1BE2BB8500AF966C /* Assets.xcassets in Resources */ = {isa = PBXBuildFile; fileRef = 5711CEDE1BE2BB8500AF966C /* Assets.xcassets */; };
		5711CEE21BE2BB8500AF966C /* LaunchScreen.storyboard in Resources */ = {isa = PBXBuildFile; fileRef = 5711CEE01BE2BB8500AF966C /* LaunchScreen.storyboard */; };
		5711CEED1BE2BE6400AF966C /* LocationManager.swift in Sources */ = {isa = PBXBuildFile; fileRef = 5711CEEC1BE2BE6400AF966C /* LocationManager.swift */; };
		6E8B703E6C40D40F6C49406D /* libPods-CategoriesSampleApp.a in Frameworks */ = {isa = PBXBuildFile; fileRef = 0FF6CB63D2B6553C563D9693 /* libPods-CategoriesSampleApp.a */; };
/* End PBXBuildFile section */

/* Begin PBXFileReference section */
		0FF6CB63D2B6553C563D9693 /* libPods-CategoriesSampleApp.a */ = {isa = PBXFileReference; explicitFileType = archive.ar; includeInIndex = 0; path = "libPods-CategoriesSampleApp.a"; sourceTree = BUILT_PRODUCTS_DIR; };
		42E0214F379C5BBF01500B42 /* Pods-CategoriesSampleApp.release.xcconfig */ = {isa = PBXFileReference; includeInIndex = 1; lastKnownFileType = text.xcconfig; name = "Pods-CategoriesSampleApp.release.xcconfig"; path = "Pods/Target Support Files/Pods-CategoriesSampleApp/Pods-CategoriesSampleApp.release.xcconfig"; sourceTree = "<group>"; };
		5711CED41BE2BB8500AF966C /* CategoriesSampleApp.app */ = {isa = PBXFileReference; explicitFileType = wrapper.application; includeInIndex = 0; path = CategoriesSampleApp.app; sourceTree = BUILT_PRODUCTS_DIR; };
		5711CED71BE2BB8500AF966C /* AppDelegate.swift */ = {isa = PBXFileReference; lastKnownFileType = sourcecode.swift; path = AppDelegate.swift; sourceTree = "<group>"; };
		5711CED91BE2BB8500AF966C /* ViewController.swift */ = {isa = PBXFileReference; lastKnownFileType = sourcecode.swift; path = ViewController.swift; sourceTree = "<group>"; };
		5711CEDC1BE2BB8500AF966C /* Base */ = {isa = PBXFileReference; lastKnownFileType = file.storyboard; name = Base; path = Base.lproj/Main.storyboard; sourceTree = "<group>"; };
		5711CEDE1BE2BB8500AF966C /* Assets.xcassets */ = {isa = PBXFileReference; lastKnownFileType = folder.assetcatalog; path = Assets.xcassets; sourceTree = "<group>"; };
		5711CEE11BE2BB8500AF966C /* Base */ = {isa = PBXFileReference; lastKnownFileType = file.storyboard; name = Base; path = Base.lproj/LaunchScreen.storyboard; sourceTree = "<group>"; };
		5711CEE31BE2BB8500AF966C /* Info.plist */ = {isa = PBXFileReference; lastKnownFileType = text.plist.xml; path = Info.plist; sourceTree = "<group>"; };
		5711CEE91BE2BD9800AF966C /* CategoriesSampleApp-Bridging-Header.h */ = {isa = PBXFileReference; lastKnownFileType = sourcecode.c.h; path = "CategoriesSampleApp-Bridging-Header.h"; sourceTree = "<group>"; };
		5711CEEC1BE2BE6400AF966C /* LocationManager.swift */ = {isa = PBXFileReference; fileEncoding = 4; lastKnownFileType = sourcecode.swift; path = LocationManager.swift; sourceTree = "<group>"; };
		6D5555E3B61DF8A28C247DF3 /* Pods-CategoriesSampleApp.debug.xcconfig */ = {isa = PBXFileReference; includeInIndex = 1; lastKnownFileType = text.xcconfig; name = "Pods-CategoriesSampleApp.debug.xcconfig"; path = "Pods/Target Support Files/Pods-CategoriesSampleApp/Pods-CategoriesSampleApp.debug.xcconfig"; sourceTree = "<group>"; };
/* End PBXFileReference section */

/* Begin PBXFrameworksBuildPhase section */
		5711CED11BE2BB8400AF966C /* Frameworks */ = {
			isa = PBXFrameworksBuildPhase;
			buildActionMask = 2147483647;
			files = (
				6E8B703E6C40D40F6C49406D /* libPods-CategoriesSampleApp.a in Frameworks */,
			);
			runOnlyForDeploymentPostprocessing = 0;
		};
/* End PBXFrameworksBuildPhase section */

/* Begin PBXGroup section */
		5711CECB1BE2BB8400AF966C = {
			isa = PBXGroup;
			children = (
				5711CED61BE2BB8500AF966C /* CategoriesSampleApp */,
				5711CED51BE2BB8500AF966C /* Products */,
				C65879F37BEA9A8963E3805D /* Pods */,
				E334D484A9D2A3E92EFA6B3F /* Frameworks */,
			);
			sourceTree = "<group>";
		};
		5711CED51BE2BB8500AF966C /* Products */ = {
			isa = PBXGroup;
			children = (
				5711CED41BE2BB8500AF966C /* CategoriesSampleApp.app */,
			);
			name = Products;
			sourceTree = "<group>";
		};
		5711CED61BE2BB8500AF966C /* CategoriesSampleApp */ = {
			isa = PBXGroup;
			children = (
				5711CED71BE2BB8500AF966C /* AppDelegate.swift */,
				5711CEEC1BE2BE6400AF966C /* LocationManager.swift */,
				5711CED91BE2BB8500AF966C /* ViewController.swift */,
				5711CEDB1BE2BB8500AF966C /* Main.storyboard */,
				5711CEDE1BE2BB8500AF966C /* Assets.xcassets */,
				5711CEE01BE2BB8500AF966C /* LaunchScreen.storyboard */,
				5711CEE31BE2BB8500AF966C /* Info.plist */,
				5711CEE91BE2BD9800AF966C /* CategoriesSampleApp-Bridging-Header.h */,
			);
			path = CategoriesSampleApp;
			sourceTree = "<group>";
		};
		C65879F37BEA9A8963E3805D /* Pods */ = {
			isa = PBXGroup;
			children = (
				6D5555E3B61DF8A28C247DF3 /* Pods-CategoriesSampleApp.debug.xcconfig */,
				42E0214F379C5BBF01500B42 /* Pods-CategoriesSampleApp.release.xcconfig */,
			);
			name = Pods;
			sourceTree = "<group>";
		};
		E334D484A9D2A3E92EFA6B3F /* Frameworks */ = {
			isa = PBXGroup;
			children = (
				0FF6CB63D2B6553C563D9693 /* libPods-CategoriesSampleApp.a */,
			);
			name = Frameworks;
			sourceTree = "<group>";
		};
/* End PBXGroup section */

/* Begin PBXNativeTarget section */
		5711CED31BE2BB8400AF966C /* CategoriesSampleApp */ = {
			isa = PBXNativeTarget;
			buildConfigurationList = 5711CEE61BE2BB8500AF966C /* Build configuration list for PBXNativeTarget "CategoriesSampleApp" */;
			buildPhases = (
				390B9189117926B52C4FFDEF /* Check Pods Manifest.lock */,
				5711CED01BE2BB8400AF966C /* Sources */,
				5711CED11BE2BB8400AF966C /* Frameworks */,
				5711CED21BE2BB8400AF966C /* Resources */,
				33D3B235EF5DCA8714BF4E7E /* Copy Pods Resources */,
			);
			buildRules = (
			);
			dependencies = (
			);
			name = CategoriesSampleApp;
			productName = CategoriesSampleApp;
			productReference = 5711CED41BE2BB8500AF966C /* CategoriesSampleApp.app */;
			productType = "com.apple.product-type.application";
		};
/* End PBXNativeTarget section */

/* Begin PBXProject section */
		5711CECC1BE2BB8400AF966C /* Project object */ = {
			isa = PBXProject;
			attributes = {
				LastSwiftUpdateCheck = 0710;
				LastUpgradeCheck = 0710;
				ORGANIZATIONNAME = LocationKit;
				TargetAttributes = {
					5711CED31BE2BB8400AF966C = {
						CreatedOnToolsVersion = 7.1;
						SystemCapabilities = {
							com.apple.BackgroundModes = {
								enabled = 1;
							};
						};
					};
				};
			};
			buildConfigurationList = 5711CECF1BE2BB8400AF966C /* Build configuration list for PBXProject "CategoriesSampleApp" */;
			compatibilityVersion = "Xcode 3.2";
			developmentRegion = English;
			hasScannedForEncodings = 0;
			knownRegions = (
				en,
				Base,
			);
			mainGroup = 5711CECB1BE2BB8400AF966C;
			productRefGroup = 5711CED51BE2BB8500AF966C /* Products */;
			projectDirPath = "";
			projectRoot = "";
			targets = (
				5711CED31BE2BB8400AF966C /* CategoriesSampleApp */,
			);
		};
/* End PBXProject section */

/* Begin PBXResourcesBuildPhase section */
		5711CED21BE2BB8400AF966C /* Resources */ = {
			isa = PBXResourcesBuildPhase;
			buildActionMask = 2147483647;
			files = (
				5711CEE21BE2BB8500AF966C /* LaunchScreen.storyboard in Resources */,
				5711CEDF1BE2BB8500AF966C /* Assets.xcassets in Resources */,
				5711CEDD1BE2BB8500AF966C /* Main.storyboard in Resources */,
			);
			runOnlyForDeploymentPostprocessing = 0;
		};
/* End PBXResourcesBuildPhase section */

/* Begin PBXShellScriptBuildPhase section */
		33D3B235EF5DCA8714BF4E7E /* Copy Pods Resources */ = {
			isa = PBXShellScriptBuildPhase;
			buildActionMask = 2147483647;
			files = (
			);
			inputPaths = (
			);
			name = "Copy Pods Resources";
			outputPaths = (
			);
			runOnlyForDeploymentPostprocessing = 0;
			shellPath = /bin/sh;
			shellScript = "\"${SRCROOT}/Pods/Target Support Files/Pods-CategoriesSampleApp/Pods-CategoriesSampleApp-resources.sh\"\n";
			showEnvVarsInLog = 0;
		};
		390B9189117926B52C4FFDEF /* Check Pods Manifest.lock */ = {
			isa = PBXShellScriptBuildPhase;
			buildActionMask = 2147483647;
			files = (
			);
			inputPaths = (
			);
			name = "Check Pods Manifest.lock";
			outputPaths = (
			);
			runOnlyForDeploymentPostprocessing = 0;
			shellPath = /bin/sh;
			shellScript = "diff \"${PODS_ROOT}/../Podfile.lock\" \"${PODS_ROOT}/Manifest.lock\" > /dev/null\nif [[ $? != 0 ]] ; then\n    cat << EOM\nerror: The sandbox is not in sync with the Podfile.lock. Run 'pod install' or update your CocoaPods installation.\nEOM\n    exit 1\nfi\n";
			showEnvVarsInLog = 0;
		};
/* End PBXShellScriptBuildPhase section */

/* Begin PBXSourcesBuildPhase section */
		5711CED01BE2BB8400AF966C /* Sources */ = {
			isa = PBXSourcesBuildPhase;
			buildActionMask = 2147483647;
			files = (
				5711CEDA1BE2BB8500AF966C /* ViewController.swift in Sources */,
				5711CED81BE2BB8500AF966C /* AppDelegate.swift in Sources */,
				5711CEED1BE2BE6400AF966C /* LocationManager.swift in Sources */,
			);
			runOnlyForDeploymentPostprocessing = 0;
		};
/* End PBXSourcesBuildPhase section */

/* Begin PBXVariantGroup section */
		5711CEDB1BE2BB8500AF966C /* Main.storyboard */ = {
			isa = PBXVariantGroup;
			children = (
				5711CEDC1BE2BB8500AF966C /* Base */,
			);
			name = Main.storyboard;
			sourceTree = "<group>";
		};
		5711CEE01BE2BB8500AF966C /* LaunchScreen.storyboard */ = {
			isa = PBXVariantGroup;
			children = (
				5711CEE11BE2BB8500AF966C /* Base */,
			);
			name = LaunchScreen.storyboard;
			sourceTree = "<group>";
		};
/* End PBXVariantGroup section */

/* Begin XCBuildConfiguration section */
		5711CEE41BE2BB8500AF966C /* Debug */ = {
			isa = XCBuildConfiguration;
			buildSettings = {
				ALWAYS_SEARCH_USER_PATHS = NO;
				CLANG_CXX_LANGUAGE_STANDARD = "gnu++0x";
				CLANG_CXX_LIBRARY = "libc++";
				CLANG_ENABLE_MODULES = YES;
				CLANG_ENABLE_OBJC_ARC = YES;
				CLANG_WARN_BOOL_CONVERSION = YES;
				CLANG_WARN_CONSTANT_CONVERSION = YES;
				CLANG_WARN_DIRECT_OBJC_ISA_USAGE = YES_ERROR;
				CLANG_WARN_EMPTY_BODY = YES;
				CLANG_WARN_ENUM_CONVERSION = YES;
				CLANG_WARN_INT_CONVERSION = YES;
				CLANG_WARN_OBJC_ROOT_CLASS = YES_ERROR;
				CLANG_WARN_UNREACHABLE_CODE = YES;
				CLANG_WARN__DUPLICATE_METHOD_MATCH = YES;
				"CODE_SIGN_IDENTITY[sdk=iphoneos*]" = "iPhone Developer";
				COPY_PHASE_STRIP = NO;
				DEBUG_INFORMATION_FORMAT = dwarf;
				ENABLE_STRICT_OBJC_MSGSEND = YES;
				ENABLE_TESTABILITY = YES;
				GCC_C_LANGUAGE_STANDARD = gnu99;
				GCC_DYNAMIC_NO_PIC = NO;
				GCC_NO_COMMON_BLOCKS = YES;
				GCC_OPTIMIZATION_LEVEL = 0;
				GCC_PREPROCESSOR_DEFINITIONS = (
					"DEBUG=1",
					"$(inherited)",
				);
				GCC_WARN_64_TO_32_BIT_CONVERSION = YES;
				GCC_WARN_ABOUT_RETURN_TYPE = YES_ERROR;
				GCC_WARN_UNDECLARED_SELECTOR = YES;
				GCC_WARN_UNINITIALIZED_AUTOS = YES_AGGRESSIVE;
				GCC_WARN_UNUSED_FUNCTION = YES;
				GCC_WARN_UNUSED_VARIABLE = YES;
				IPHONEOS_DEPLOYMENT_TARGET = 9.1;
				MTL_ENABLE_DEBUG_INFO = YES;
				ONLY_ACTIVE_ARCH = YES;
				SDKROOT = iphoneos;
				SWIFT_OPTIMIZATION_LEVEL = "-Onone";
				TARGETED_DEVICE_FAMILY = "1,2";
			};
			name = Debug;
		};
		5711CEE51BE2BB8500AF966C /* Release */ = {
			isa = XCBuildConfiguration;
			buildSettings = {
				ALWAYS_SEARCH_USER_PATHS = NO;
				CLANG_CXX_LANGUAGE_STANDARD = "gnu++0x";
				CLANG_CXX_LIBRARY = "libc++";
				CLANG_ENABLE_MODULES = YES;
				CLANG_ENABLE_OBJC_ARC = YES;
				CLANG_WARN_BOOL_CONVERSION = YES;
				CLANG_WARN_CONSTANT_CONVERSION = YES;
				CLANG_WARN_DIRECT_OBJC_ISA_USAGE = YES_ERROR;
				CLANG_WARN_EMPTY_BODY = YES;
				CLANG_WARN_ENUM_CONVERSION = YES;
				CLANG_WARN_INT_CONVERSION = YES;
				CLANG_WARN_OBJC_ROOT_CLASS = YES_ERROR;
				CLANG_WARN_UNREACHABLE_CODE = YES;
				CLANG_WARN__DUPLICATE_METHOD_MATCH = YES;
				"CODE_SIGN_IDENTITY[sdk=iphoneos*]" = "iPhone Developer";
				COPY_PHASE_STRIP = NO;
				DEBUG_INFORMATION_FORMAT = "dwarf-with-dsym";
				ENABLE_NS_ASSERTIONS = NO;
				ENABLE_STRICT_OBJC_MSGSEND = YES;
				GCC_C_LANGUAGE_STANDARD = gnu99;
				GCC_NO_COMMON_BLOCKS = YES;
				GCC_WARN_64_TO_32_BIT_CONVERSION = YES;
				GCC_WARN_ABOUT_RETURN_TYPE = YES_ERROR;
				GCC_WARN_UNDECLARED_SELECTOR = YES;
				GCC_WARN_UNINITIALIZED_AUTOS = YES_AGGRESSIVE;
				GCC_WARN_UNUSED_FUNCTION = YES;
				GCC_WARN_UNUSED_VARIABLE = YES;
				IPHONEOS_DEPLOYMENT_TARGET = 9.1;
				MTL_ENABLE_DEBUG_INFO = NO;
				SDKROOT = iphoneos;
				TARGETED_DEVICE_FAMILY = "1,2";
				VALIDATE_PRODUCT = YES;
			};
			name = Release;
		};
		5711CEE71BE2BB8500AF966C /* Debug */ = {
			isa = XCBuildConfiguration;
			baseConfigurationReference = 6D5555E3B61DF8A28C247DF3 /* Pods-CategoriesSampleApp.debug.xcconfig */;
			buildSettings = {
				ASSETCATALOG_COMPILER_APPICON_NAME = AppIcon;
				CLANG_ENABLE_MODULES = YES;
				ENABLE_BITCODE = NO;
				INFOPLIST_FILE = CategoriesSampleApp/Info.plist;
				LD_RUNPATH_SEARCH_PATHS = "$(inherited) @executable_path/Frameworks";
				PRODUCT_BUNDLE_IDENTIFIER = io.LocationKit.CategoriesSampleApp;
				PRODUCT_NAME = "$(TARGET_NAME)";
				SWIFT_OBJC_BRIDGING_HEADER = "CategoriesSampleApp/CategoriesSampleApp-Bridging-Header.h";
				SWIFT_OPTIMIZATION_LEVEL = "-Onone";
			};
			name = Debug;
		};
		5711CEE81BE2BB8500AF966C /* Release */ = {
			isa = XCBuildConfiguration;
			baseConfigurationReference = 42E0214F379C5BBF01500B42 /* Pods-CategoriesSampleApp.release.xcconfig */;
			buildSettings = {
				ASSETCATALOG_COMPILER_APPICON_NAME = AppIcon;
				CLANG_ENABLE_MODULES = YES;
				ENABLE_BITCODE = NO;
				INFOPLIST_FILE = CategoriesSampleApp/Info.plist;
				LD_RUNPATH_SEARCH_PATHS = "$(inherited) @executable_path/Frameworks";
				PRODUCT_BUNDLE_IDENTIFIER = io.LocationKit.CategoriesSampleApp;
				PRODUCT_NAME = "$(TARGET_NAME)";
				SWIFT_OBJC_BRIDGING_HEADER = "CategoriesSampleApp/CategoriesSampleApp-Bridging-Header.h";
			};
			name = Release;
		};
/* End XCBuildConfiguration section */

/* Begin XCConfigurationList section */
		5711CECF1BE2BB8400AF966C /* Build configuration list for PBXProject "CategoriesSampleApp" */ = {
			isa = XCConfigurationList;
			buildConfigurations = (
				5711CEE41BE2BB8500AF966C /* Debug */,
				5711CEE51BE2BB8500AF966C /* Release */,
			);
			defaultConfigurationIsVisible = 0;
			defaultConfigurationName = Release;
		};
		5711CEE61BE2BB8500AF966C /* Build configuration list for PBXNativeTarget "CategoriesSampleApp" */ = {
			isa = XCConfigurationList;
			buildConfigurations = (
				5711CEE71BE2BB8500AF966C /* Debug */,
				5711CEE81BE2BB8500AF966C /* Release */,
			);
			defaultConfigurationIsVisible = 0;
			defaultConfigurationName = Release;
		};
/* End XCConfigurationList section */
	};
	rootObject = 5711CECC1BE2BB8400AF966C /* Project object */;
}
